// !$*UTF8*$!
{
	archiveVersion = 1;
	classes = {
	};
	objectVersion = 77;
	objects = {

/* Begin PBXContainerItemProxy section */
		959B196B2D56B1AC00902AA6 /* PBXContainerItemProxy */ = {
			isa = PBXContainerItemProxy;
			containerPortal = 959B19522D56B1AA00902AA6 /* Project object */;
			proxyType = 1;
			remoteGlobalIDString = 959B19592D56B1AA00902AA6;
			remoteInfo = TapidiTab;
		};
		959B19752D56B1AC00902AA6 /* PBXContainerItemProxy */ = {
			isa = PBXContainerItemProxy;
			containerPortal = 959B19522D56B1AA00902AA6 /* Project object */;
			proxyType = 1;
			remoteGlobalIDString = 959B19592D56B1AA00902AA6;
			remoteInfo = TapidiTab;
		};
/* End PBXContainerItemProxy section */

/* Begin PBXFileReference section */
		959B195A2D56B1AA00902AA6 /* TapidiTab.app */ = {isa = PBXFileReference; explicitFileType = wrapper.application; includeInIndex = 0; path = TapidiTab.app; sourceTree = BUILT_PRODUCTS_DIR; };
		959B196A2D56B1AC00902AA6 /* TapidiTabTests.xctest */ = {isa = PBXFileReference; explicitFileType = wrapper.cfbundle; includeInIndex = 0; path = TapidiTabTests.xctest; sourceTree = BUILT_PRODUCTS_DIR; };
		959B19742D56B1AC00902AA6 /* TapidiTabUITests.xctest */ = {isa = PBXFileReference; explicitFileType = wrapper.cfbundle; includeInIndex = 0; path = TapidiTabUITests.xctest; sourceTree = BUILT_PRODUCTS_DIR; };
/* End PBXFileReference section */

/* Begin PBXFileSystemSynchronizedRootGroup section */
		959B195C2D56B1AA00902AA6 /* TapidiTab */ = {
			isa = PBXFileSystemSynchronizedRootGroup;
			path = TapidiTab;
			sourceTree = "<group>";
		};
		959B196D2D56B1AC00902AA6 /* TapidiTabTests */ = {
			isa = PBXFileSystemSynchronizedRootGroup;
			path = TapidiTabTests;
			sourceTree = "<group>";
		};
		959B19772D56B1AC00902AA6 /* TapidiTabUITests */ = {
			isa = PBXFileSystemSynchronizedRootGroup;
			path = TapidiTabUITests;
			sourceTree = "<group>";
		};
/* End PBXFileSystemSynchronizedRootGroup section */

/* Begin PBXFrameworksBuildPhase section */
		959B19572D56B1AA00902AA6 /* Frameworks */ = {
			isa = PBXFrameworksBuildPhase;
			buildActionMask = 2147483647;
			files = (
			);
			runOnlyForDeploymentPostprocessing = 0;
		};
		959B19672D56B1AC00902AA6 /* Frameworks */ = {
			isa = PBXFrameworksBuildPhase;
			buildActionMask = 2147483647;
			files = (
			);
			runOnlyForDeploymentPostprocessing = 0;
		};
		959B19712D56B1AC00902AA6 /* Frameworks */ = {
			isa = PBXFrameworksBuildPhase;
			buildActionMask = 2147483647;
			files = (
			);
			runOnlyForDeploymentPostprocessing = 0;
		};
/* End PBXFrameworksBuildPhase section */

/* Begin PBXGroup section */
		959B19512D56B1AA00902AA6 = {
			isa = PBXGroup;
			children = (
				959B195C2D56B1AA00902AA6 /* TapidiTab */,
				959B196D2D56B1AC00902AA6 /* TapidiTabTests */,
				959B19772D56B1AC00902AA6 /* TapidiTabUITests */,
				959B195B2D56B1AA00902AA6 /* Products */,
			);
			sourceTree = "<group>";
		};
		959B195B2D56B1AA00902AA6 /* Products */ = {
			isa = PBXGroup;
			children = (
				959B195A2D56B1AA00902AA6 /* TapidiTab.app */,
				959B196A2D56B1AC00902AA6 /* TapidiTabTests.xctest */,
				959B19742D56B1AC00902AA6 /* TapidiTabUITests.xctest */,
			);
			name = Products;
			sourceTree = "<group>";
		};
/* End PBXGroup section */

/* Begin PBXNativeTarget section */
		959B19592D56B1AA00902AA6 /* TapidiTab */ = {
			isa = PBXNativeTarget;
			buildConfigurationList = 959B197E2D56B1AC00902AA6 /* Build configuration list for PBXNativeTarget "TapidiTab" */;
			buildPhases = (
				959B19562D56B1AA00902AA6 /* Sources */,
				959B19572D56B1AA00902AA6 /* Frameworks */,
				959B19582D56B1AA00902AA6 /* Resources */,
			);
			buildRules = (
			);
			dependencies = (
			);
			fileSystemSynchronizedGroups = (
				959B195C2D56B1AA00902AA6 /* TapidiTab */,
			);
			name = TapidiTab;
			packageProductDependencies = (
			);
			productName = TapidiTab;
			productReference = 959B195A2D56B1AA00902AA6 /* TapidiTab.app */;
			productType = "com.apple.product-type.application";
		};
		959B19692D56B1AC00902AA6 /* TapidiTabTests */ = {
			isa = PBXNativeTarget;
			buildConfigurationList = 959B19812D56B1AC00902AA6 /* Build configuration list for PBXNativeTarget "TapidiTabTests" */;
			buildPhases = (
				959B19662D56B1AC00902AA6 /* Sources */,
				959B19672D56B1AC00902AA6 /* Frameworks */,
				959B19682D56B1AC00902AA6 /* Resources */,
			);
			buildRules = (
			);
			dependencies = (
				959B196C2D56B1AC00902AA6 /* PBXTargetDependency */,
			);
			fileSystemSynchronizedGroups = (
				959B196D2D56B1AC00902AA6 /* TapidiTabTests */,
			);
			name = TapidiTabTests;
			packageProductDependencies = (
			);
			productName = TapidiTabTests;
			productReference = 959B196A2D56B1AC00902AA6 /* TapidiTabTests.xctest */;
			productType = "com.apple.product-type.bundle.unit-test";
		};
		959B19732D56B1AC00902AA6 /* TapidiTabUITests */ = {
			isa = PBXNativeTarget;
			buildConfigurationList = 959B19842D56B1AC00902AA6 /* Build configuration list for PBXNativeTarget "TapidiTabUITests" */;
			buildPhases = (
				959B19702D56B1AC00902AA6 /* Sources */,
				959B19712D56B1AC00902AA6 /* Frameworks */,
				959B19722D56B1AC00902AA6 /* Resources */,
			);
			buildRules = (
			);
			dependencies = (
				959B19762D56B1AC00902AA6 /* PBXTargetDependency */,
			);
			fileSystemSynchronizedGroups = (
				959B19772D56B1AC00902AA6 /* TapidiTabUITests */,
			);
			name = TapidiTabUITests;
			packageProductDependencies = (
			);
			productName = TapidiTabUITests;
			productReference = 959B19742D56B1AC00902AA6 /* TapidiTabUITests.xctest */;
			productType = "com.apple.product-type.bundle.ui-testing";
		};
/* End PBXNativeTarget section */

/* Begin PBXProject section */
		959B19522D56B1AA00902AA6 /* Project object */ = {
			isa = PBXProject;
			attributes = {
				BuildIndependentTargetsInParallel = 1;
				LastSwiftUpdateCheck = 1620;
				LastUpgradeCheck = 1620;
				TargetAttributes = {
					959B19592D56B1AA00902AA6 = {
						CreatedOnToolsVersion = 16.2;
					};
					959B19692D56B1AC00902AA6 = {
						CreatedOnToolsVersion = 16.2;
						TestTargetID = 959B19592D56B1AA00902AA6;
					};
					959B19732D56B1AC00902AA6 = {
						CreatedOnToolsVersion = 16.2;
						TestTargetID = 959B19592D56B1AA00902AA6;
					};
				};
			};
			buildConfigurationList = 959B19552D56B1AA00902AA6 /* Build configuration list for PBXProject "TapidiTab" */;
			developmentRegion = en;
			hasScannedForEncodings = 0;
			knownRegions = (
				en,
				Base,
			);
			mainGroup = 959B19512D56B1AA00902AA6;
			minimizedProjectReferenceProxies = 1;
			preferredProjectObjectVersion = 77;
			productRefGroup = 959B195B2D56B1AA00902AA6 /* Products */;
			projectDirPath = "";
			projectRoot = "";
			targets = (
				959B19592D56B1AA00902AA6 /* TapidiTab */,
				959B19692D56B1AC00902AA6 /* TapidiTabTests */,
				959B19732D56B1AC00902AA6 /* TapidiTabUITests */,
			);
		};
/* End PBXProject section */

/* Begin PBXResourcesBuildPhase section */
		959B19582D56B1AA00902AA6 /* Resources */ = {
			isa = PBXResourcesBuildPhase;
			buildActionMask = 2147483647;
			files = (
			);
			runOnlyForDeploymentPostprocessing = 0;
		};
		959B19682D56B1AC00902AA6 /* Resources */ = {
			isa = PBXResourcesBuildPhase;
			buildActionMask = 2147483647;
			files = (
			);
			runOnlyForDeploymentPostprocessing = 0;
		};
		959B19722D56B1AC00902AA6 /* Resources */ = {
			isa = PBXResourcesBuildPhase;
			buildActionMask = 2147483647;
			files = (
			);
			runOnlyForDeploymentPostprocessing = 0;
		};
/* End PBXResourcesBuildPhase section */

/* Begin PBXSourcesBuildPhase section */
		959B19562D56B1AA00902AA6 /* Sources */ = {
			isa = PBXSourcesBuildPhase;
			buildActionMask = 2147483647;
			files = (
			);
			runOnlyForDeploymentPostprocessing = 0;
		};
		959B19662D56B1AC00902AA6 /* Sources */ = {
			isa = PBXSourcesBuildPhase;
			buildActionMask = 2147483647;
			files = (
			);
			runOnlyForDeploymentPostprocessing = 0;
		};
		959B19702D56B1AC00902AA6 /* Sources */ = {
			isa = PBXSourcesBuildPhase;
			buildActionMask = 2147483647;
			files = (
			);
			runOnlyForDeploymentPostprocessing = 0;
		};
/* End PBXSourcesBuildPhase section */

/* Begin PBXTargetDependency section */
		959B196C2D56B1AC00902AA6 /* PBXTargetDependency */ = {
			isa = PBXTargetDependency;
			target = 959B19592D56B1AA00902AA6 /* TapidiTab */;
			targetProxy = 959B196B2D56B1AC00902AA6 /* PBXContainerItemProxy */;
		};
		959B19762D56B1AC00902AA6 /* PBXTargetDependency */ = {
			isa = PBXTargetDependency;
			target = 959B19592D56B1AA00902AA6 /* TapidiTab */;
			targetProxy = 959B19752D56B1AC00902AA6 /* PBXContainerItemProxy */;
		};
/* End PBXTargetDependency section */

/* Begin XCBuildConfiguration section */
		959B197C2D56B1AC00902AA6 /* Debug */ = {
			isa = XCBuildConfiguration;
			buildSettings = {
				ALWAYS_SEARCH_USER_PATHS = NO;
				ASSETCATALOG_COMPILER_GENERATE_SWIFT_ASSET_SYMBOL_EXTENSIONS = YES;
				CLANG_ANALYZER_NONNULL = YES;
				CLANG_ANALYZER_NUMBER_OBJECT_CONVERSION = YES_AGGRESSIVE;
				CLANG_CXX_LANGUAGE_STANDARD = "gnu++20";
				CLANG_ENABLE_MODULES = YES;
				CLANG_ENABLE_OBJC_ARC = YES;
				CLANG_ENABLE_OBJC_WEAK = YES;
				CLANG_WARN_BLOCK_CAPTURE_AUTORELEASING = YES;
				CLANG_WARN_BOOL_CONVERSION = YES;
				CLANG_WARN_COMMA = YES;
				CLANG_WARN_CONSTANT_CONVERSION = YES;
				CLANG_WARN_DEPRECATED_OBJC_IMPLEMENTATIONS = YES;
				CLANG_WARN_DIRECT_OBJC_ISA_USAGE = YES_ERROR;
				CLANG_WARN_DOCUMENTATION_COMMENTS = YES;
				CLANG_WARN_EMPTY_BODY = YES;
				CLANG_WARN_ENUM_CONVERSION = YES;
				CLANG_WARN_INFINITE_RECURSION = YES;
				CLANG_WARN_INT_CONVERSION = YES;
				CLANG_WARN_NON_LITERAL_NULL_CONVERSION = YES;
				CLANG_WARN_OBJC_IMPLICIT_RETAIN_SELF = YES;
				CLANG_WARN_OBJC_LITERAL_CONVERSION = YES;
				CLANG_WARN_OBJC_ROOT_CLASS = YES_ERROR;
				CLANG_WARN_QUOTED_INCLUDE_IN_FRAMEWORK_HEADER = YES;
				CLANG_WARN_RANGE_LOOP_ANALYSIS = YES;
				CLANG_WARN_STRICT_PROTOTYPES = YES;
				CLANG_WARN_SUSPICIOUS_MOVE = YES;
				CLANG_WARN_UNGUARDED_AVAILABILITY = YES_AGGRESSIVE;
				CLANG_WARN_UNREACHABLE_CODE = YES;
				CLANG_WARN__DUPLICATE_METHOD_MATCH = YES;
				COPY_PHASE_STRIP = NO;
				DEBUG_INFORMATION_FORMAT = dwarf;
				ENABLE_STRICT_OBJC_MSGSEND = YES;
				ENABLE_TESTABILITY = YES;
				ENABLE_USER_SCRIPT_SANDBOXING = YES;
				GCC_C_LANGUAGE_STANDARD = gnu17;
				GCC_DYNAMIC_NO_PIC = NO;
				GCC_NO_COMMON_BLOCKS = YES;
				GCC_OPTIMIZATION_LEVEL = 0;
				GCC_PREPROCESSOR_DEFINITIONS = (
					"DEBUG=1",
					"$(inherited)",
				);
				GCC_WARN_64_TO_32_BIT_CONVERSION = YES;
				GCC_WARN_ABOUT_RETURN_TYPE = YES_ERROR;
				GCC_WARN_UNDECLARED_SELECTOR = YES;
				GCC_WARN_UNINITIALIZED_AUTOS = YES_AGGRESSIVE;
				GCC_WARN_UNUSED_FUNCTION = YES;
				GCC_WARN_UNUSED_VARIABLE = YES;
				IPHONEOS_DEPLOYMENT_TARGET = 18.2;
				LOCALIZATION_PREFERS_STRING_CATALOGS = YES;
				MTL_ENABLE_DEBUG_INFO = INCLUDE_SOURCE;
				MTL_FAST_MATH = YES;
				ONLY_ACTIVE_ARCH = YES;
				SDKROOT = iphoneos;
				SWIFT_ACTIVE_COMPILATION_CONDITIONS = "DEBUG $(inherited)";
				SWIFT_OPTIMIZATION_LEVEL = "-Onone";
			};
			name = Debug;
		};
		959B197D2D56B1AC00902AA6 /* Release */ = {
			isa = XCBuildConfiguration;
			buildSettings = {
				ALWAYS_SEARCH_USER_PATHS = NO;
				ASSETCATALOG_COMPILER_GENERATE_SWIFT_ASSET_SYMBOL_EXTENSIONS = YES;
				CLANG_ANALYZER_NONNULL = YES;
				CLANG_ANALYZER_NUMBER_OBJECT_CONVERSION = YES_AGGRESSIVE;
				CLANG_CXX_LANGUAGE_STANDARD = "gnu++20";
				CLANG_ENABLE_MODULES = YES;
				CLANG_ENABLE_OBJC_ARC = YES;
				CLANG_ENABLE_OBJC_WEAK = YES;
				CLANG_WARN_BLOCK_CAPTURE_AUTORELEASING = YES;
				CLANG_WARN_BOOL_CONVERSION = YES;
				CLANG_WARN_COMMA = YES;
				CLANG_WARN_CONSTANT_CONVERSION = YES;
				CLANG_WARN_DEPRECATED_OBJC_IMPLEMENTATIONS = YES;
				CLANG_WARN_DIRECT_OBJC_ISA_USAGE = YES_ERROR;
				CLANG_WARN_DOCUMENTATION_COMMENTS = YES;
				CLANG_WARN_EMPTY_BODY = YES;
				CLANG_WARN_ENUM_CONVERSION = YES;
				CLANG_WARN_INFINITE_RECURSION = YES;
				CLANG_WARN_INT_CONVERSION = YES;
				CLANG_WARN_NON_LITERAL_NULL_CONVERSION = YES;
				CLANG_WARN_OBJC_IMPLICIT_RETAIN_SELF = YES;
				CLANG_WARN_OBJC_LITERAL_CONVERSION = YES;
				CLANG_WARN_OBJC_ROOT_CLASS = YES_ERROR;
				CLANG_WARN_QUOTED_INCLUDE_IN_FRAMEWORK_HEADER = YES;
				CLANG_WARN_RANGE_LOOP_ANALYSIS = YES;
				CLANG_WARN_STRICT_PROTOTYPES = YES;
				CLANG_WARN_SUSPICIOUS_MOVE = YES;
				CLANG_WARN_UNGUARDED_AVAILABILITY = YES_AGGRESSIVE;
				CLANG_WARN_UNREACHABLE_CODE = YES;
				CLANG_WARN__DUPLICATE_METHOD_MATCH = YES;
				COPY_PHASE_STRIP = NO;
				DEBUG_INFORMATION_FORMAT = "dwarf-with-dsym";
				ENABLE_NS_ASSERTIONS = NO;
				ENABLE_STRICT_OBJC_MSGSEND = YES;
				ENABLE_USER_SCRIPT_SANDBOXING = YES;
				GCC_C_LANGUAGE_STANDARD = gnu17;
				GCC_NO_COMMON_BLOCKS = YES;
				GCC_WARN_64_TO_32_BIT_CONVERSION = YES;
				GCC_WARN_ABOUT_RETURN_TYPE = YES_ERROR;
				GCC_WARN_UNDECLARED_SELECTOR = YES;
				GCC_WARN_UNINITIALIZED_AUTOS = YES_AGGRESSIVE;
				GCC_WARN_UNUSED_FUNCTION = YES;
				GCC_WARN_UNUSED_VARIABLE = YES;
				IPHONEOS_DEPLOYMENT_TARGET = 18.2;
				LOCALIZATION_PREFERS_STRING_CATALOGS = YES;
				MTL_ENABLE_DEBUG_INFO = NO;
				MTL_FAST_MATH = YES;
				SDKROOT = iphoneos;
				SWIFT_COMPILATION_MODE = wholemodule;
				VALIDATE_PRODUCT = YES;
			};
			name = Release;
		};
		959B197F2D56B1AC00902AA6 /* Debug */ = {
			isa = XCBuildConfiguration;
			buildSettings = {
				ASSETCATALOG_COMPILER_APPICON_NAME = AppIcon;
				ASSETCATALOG_COMPILER_GLOBAL_ACCENT_COLOR_NAME = AccentColor;
				CODE_SIGN_STYLE = Automatic;
				CURRENT_PROJECT_VERSION = 1;
				DEVELOPMENT_ASSET_PATHS = "\"TapidiTab/Preview Content\"";
				ENABLE_PREVIEWS = YES;
				GENERATE_INFOPLIST_FILE = YES;
				INFOPLIST_KEY_UIApplicationSceneManifest_Generation = YES;
				INFOPLIST_KEY_UIApplicationSupportsIndirectInputEvents = YES;
				INFOPLIST_KEY_UILaunchScreen_Generation = YES;
				INFOPLIST_KEY_UISupportedInterfaceOrientations_iPad = "UIInterfaceOrientationPortrait UIInterfaceOrientationPortraitUpsideDown UIInterfaceOrientationLandscapeLeft UIInterfaceOrientationLandscapeRight";
				INFOPLIST_KEY_UISupportedInterfaceOrientations_iPhone = "UIInterfaceOrientationPortrait UIInterfaceOrientationLandscapeLeft UIInterfaceOrientationLandscapeRight";
				LD_RUNPATH_SEARCH_PATHS = (
					"$(inherited)",
					"@executable_path/Frameworks",
				);
				MARKETING_VERSION = 1.0;
				PRODUCT_BUNDLE_IDENTIFIER = de.laewahn.TapidiTab;
				PRODUCT_NAME = "$(TARGET_NAME)";
				SWIFT_EMIT_LOC_STRINGS = YES;
				SWIFT_VERSION = 5.0;
				TARGETED_DEVICE_FAMILY = "1,2";
			};
			name = Debug;
		};
		959B19802D56B1AC00902AA6 /* Release */ = {
			isa = XCBuildConfiguration;
			buildSettings = {
				ASSETCATALOG_COMPILER_APPICON_NAME = AppIcon;
				ASSETCATALOG_COMPILER_GLOBAL_ACCENT_COLOR_NAME = AccentColor;
				CODE_SIGN_STYLE = Automatic;
				CURRENT_PROJECT_VERSION = 1;
				DEVELOPMENT_ASSET_PATHS = "\"TapidiTab/Preview Content\"";
				ENABLE_PREVIEWS = YES;
				GENERATE_INFOPLIST_FILE = YES;
				INFOPLIST_KEY_UIApplicationSceneManifest_Generation = YES;
				INFOPLIST_KEY_UIApplicationSupportsIndirectInputEvents = YES;
				INFOPLIST_KEY_UILaunchScreen_Generation = YES;
				INFOPLIST_KEY_UISupportedInterfaceOrientations_iPad = "UIInterfaceOrientationPortrait UIInterfaceOrientationPortraitUpsideDown UIInterfaceOrientationLandscapeLeft UIInterfaceOrientationLandscapeRight";
				INFOPLIST_KEY_UISupportedInterfaceOrientations_iPhone = "UIInterfaceOrientationPortrait UIInterfaceOrientationLandscapeLeft UIInterfaceOrientationLandscapeRight";
				LD_RUNPATH_SEARCH_PATHS = (
					"$(inherited)",
					"@executable_path/Frameworks",
				);
				MARKETING_VERSION = 1.0;
				PRODUCT_BUNDLE_IDENTIFIER = de.laewahn.TapidiTab;
				PRODUCT_NAME = "$(TARGET_NAME)";
				SWIFT_EMIT_LOC_STRINGS = YES;
				SWIFT_VERSION = 5.0;
				TARGETED_DEVICE_FAMILY = "1,2";
			};
			name = Release;
		};
		959B19822D56B1AC00902AA6 /* Debug */ = {
			isa = XCBuildConfiguration;
			buildSettings = {
				BUNDLE_LOADER = "$(TEST_HOST)";
				CODE_SIGN_STYLE = Automatic;
				CURRENT_PROJECT_VERSION = 1;
				GENERATE_INFOPLIST_FILE = YES;
				IPHONEOS_DEPLOYMENT_TARGET = 18.2;
				MARKETING_VERSION = 1.0;
				PRODUCT_BUNDLE_IDENTIFIER = de.laewahn.TapidiTabTests;
				PRODUCT_NAME = "$(TARGET_NAME)";
				SWIFT_EMIT_LOC_STRINGS = NO;
				SWIFT_VERSION = 5.0;
				TARGETED_DEVICE_FAMILY = "1,2";
				TEST_HOST = "$(BUILT_PRODUCTS_DIR)/TapidiTab.app/$(BUNDLE_EXECUTABLE_FOLDER_PATH)/TapidiTab";
			};
			name = Debug;
		};
		959B19832D56B1AC00902AA6 /* Release */ = {
			isa = XCBuildConfiguration;
			buildSettings = {
				BUNDLE_LOADER = "$(TEST_HOST)";
				CODE_SIGN_STYLE = Automatic;
				CURRENT_PROJECT_VERSION = 1;
				GENERATE_INFOPLIST_FILE = YES;
				IPHONEOS_DEPLOYMENT_TARGET = 18.2;
				MARKETING_VERSION = 1.0;
				PRODUCT_BUNDLE_IDENTIFIER = de.laewahn.TapidiTabTests;
				PRODUCT_NAME = "$(TARGET_NAME)";
				SWIFT_EMIT_LOC_STRINGS = NO;
				SWIFT_VERSION = 5.0;
				TARGETED_DEVICE_FAMILY = "1,2";
				TEST_HOST = "$(BUILT_PRODUCTS_DIR)/TapidiTab.app/$(BUNDLE_EXECUTABLE_FOLDER_PATH)/TapidiTab";
			};
			name = Release;
		};
		959B19852D56B1AC00902AA6 /* Debug */ = {
			isa = XCBuildConfiguration;
			buildSettings = {
				CODE_SIGN_STYLE = Automatic;
				CURRENT_PROJECT_VERSION = 1;
				GENERATE_INFOPLIST_FILE = YES;
				MARKETING_VERSION = 1.0;
				PRODUCT_BUNDLE_IDENTIFIER = de.laewahn.TapidiTabUITests;
				PRODUCT_NAME = "$(TARGET_NAME)";
				SWIFT_EMIT_LOC_STRINGS = NO;
				SWIFT_VERSION = 5.0;
				TARGETED_DEVICE_FAMILY = "1,2";
				TEST_TARGET_NAME = TapidiTab;
			};
			name = Debug;
		};
		959B19862D56B1AC00902AA6 /* Release */ = {
			isa = XCBuildConfiguration;
			buildSettings = {
				CODE_SIGN_STYLE = Automatic;
				CURRENT_PROJECT_VERSION = 1;
				GENERATE_INFOPLIST_FILE = YES;
				MARKETING_VERSION = 1.0;
				PRODUCT_BUNDLE_IDENTIFIER = de.laewahn.TapidiTabUITests;
				PRODUCT_NAME = "$(TARGET_NAME)";
				SWIFT_EMIT_LOC_STRINGS = NO;
				SWIFT_VERSION = 5.0;
				TARGETED_DEVICE_FAMILY = "1,2";
				TEST_TARGET_NAME = TapidiTab;
			};
			name = Release;
		};
/* End XCBuildConfiguration section */

/* Begin XCConfigurationList section */
		959B19552D56B1AA00902AA6 /* Build configuration list for PBXProject "TapidiTab" */ = {
			isa = XCConfigurationList;
			buildConfigurations = (
				959B197C2D56B1AC00902AA6 /* Debug */,
				959B197D2D56B1AC00902AA6 /* Release */,
			);
			defaultConfigurationIsVisible = 0;
			defaultConfigurationName = Release;
		};
		959B197E2D56B1AC00902AA6 /* Build configuration list for PBXNativeTarget "TapidiTab" */ = {
			isa = XCConfigurationList;
			buildConfigurations = (
				959B197F2D56B1AC00902AA6 /* Debug */,
				959B19802D56B1AC00902AA6 /* Release */,
			);
			defaultConfigurationIsVisible = 0;
			defaultConfigurationName = Release;
		};
		959B19812D56B1AC00902AA6 /* Build configuration list for PBXNativeTarget "TapidiTabTests" */ = {
			isa = XCConfigurationList;
			buildConfigurations = (
				959B19822D56B1AC00902AA6 /* Debug */,
				959B19832D56B1AC00902AA6 /* Release */,
			);
			defaultConfigurationIsVisible = 0;
			defaultConfigurationName = Release;
		};
		959B19842D56B1AC00902AA6 /* Build configuration list for PBXNativeTarget "TapidiTabUITests" */ = {
			isa = XCConfigurationList;
			buildConfigurations = (
				959B19852D56B1AC00902AA6 /* Debug */,
				959B19862D56B1AC00902AA6 /* Release */,
			);
			defaultConfigurationIsVisible = 0;
			defaultConfigurationName = Release;
		};
/* End XCConfigurationList section */
	};
	rootObject = 959B19522D56B1AA00902AA6 /* Project object */;
}
